
Microsoft Visual Studio Solution File, Format Version 12.00
# Visual Studio Version 16
VisualStudioVersion = 16.0.31729.503
MinimumVisualStudioVersion = 10.0.40219.1
Project("{FAE04EC0-301F-11D3-BF4B-00C04F79EFBC}") = "BubbleShortB", "BubbleShortB\BubbleShortB.csproj", "{FAD67A56-2981-4882-A985-E980C5E1194B}"
EndProject
Global
	GlobalSection(SolutionConfigurationPlatforms) = preSolution
		Debug|Any CPU = Debug|Any CPU
		Release|Any CPU = Release|Any CPU
	EndGlobalSection
	GlobalSection(ProjectConfigurationPlatforms) = postSolution
		{FAD67A56-2981-4882-A985-E980C5E1194B}.Debug|Any CPU.ActiveCfg = Debug|Any CPU
		{FAD67A56-2981-4882-A985-E980C5E1194B}.Debug|Any CPU.Build.0 = Debug|Any CPU
		{FAD67A56-2981-4882-A985-E980C5E1194B}.Release|Any CPU.ActiveCfg = Release|Any CPU
		{FAD67A56-2981-4882-A985-E980C5E1194B}.Release|Any CPU.Build.0 = Release|Any CPU
	EndGlobalSection
	GlobalSection(SolutionProperties) = preSolution
		HideSolutionNode = FALSE
	EndGlobalSection
	GlobalSection(ExtensibilityGlobals) = postSolution
		SolutionGuid = {88C3F57F-8D02-4BFF-A97C-4DA3434F7918}
	EndGlobalSection
EndGlobal
